
Microsoft Visual Studio Solution File, Format Version 12.00
# Visual Studio Version 16
VisualStudioVersion = 16.0.29201.188
MinimumVisualStudioVersion = 10.0.40219.1
Project("{FAE04EC0-301F-11D3-BF4B-00C04F79EFBC}") = "TrainMVC", "TrainMVC\TrainMVC.csproj", "{2C78316B-BD9F-4773-B3AE-974F1DC5EC43}"
EndProject
Global
	GlobalSection(SolutionConfigurationPlatforms) = preSolution
		Debug|Any CPU = Debug|Any CPU
		Release|Any CPU = Release|Any CPU
	EndGlobalSection
	GlobalSection(ProjectConfigurationPlatforms) = postSolution
		{2C78316B-BD9F-4773-B3AE-974F1DC5EC43}.Debug|Any CPU.ActiveCfg = Debug|Any CPU
		{2C78316B-BD9F-4773-B3AE-974F1DC5EC43}.Debug|Any CPU.Build.0 = Debug|Any CPU
		{2C78316B-BD9F-4773-B3AE-974F1DC5EC43}.Release|Any CPU.ActiveCfg = Release|Any CPU
		{2C78316B-BD9F-4773-B3AE-974F1DC5EC43}.Release|Any CPU.Build.0 = Release|Any CPU
	EndGlobalSection
	GlobalSection(SolutionProperties) = preSolution
		HideSolutionNode = FALSE
	EndGlobalSection
	GlobalSection(ExtensibilityGlobals) = postSolution
		SolutionGuid = {FF7F17D7-755A-4AFA-B0DA-795ABC4BBE90}
	EndGlobalSection
EndGlobal
